
Microsoft Visual Studio Solution File, Format Version 12.00
# Visual Studio 15
VisualStudioVersion = 15.0.26124.0
MinimumVisualStudioVersion = 15.0.26124.0
Project("{9A19103F-16F7-4668-BE54-9A1E7A4F7556}") = "LawOfDemeterAfter", "LawOfDemeterAfter\LawOfDemeterAfter.csproj", "{0147A1DD-7451-4F17-A377-941C2CB22718}"
EndProject
Project("{9A19103F-16F7-4668-BE54-9A1E7A4F7556}") = "LawOfDemeterBefore", "LawOfDemeterBefore\LawOfDemeterBefore.csproj", "{E5DF6807-6AA0-45F4-8923-3B0FDC0900E3}"
EndProject
Project("{9A19103F-16F7-4668-BE54-9A1E7A4F7556}") = "DRYBefore", "DRYBefore\DRYBefore.csproj", "{DE58FF37-C547-47AC-9D5C-5A3B910CB108}"
EndProject
Project("{9A19103F-16F7-4668-BE54-9A1E7A4F7556}") = "DRYAfter", "DRYAfter\DRYAfter.csproj", "{001A081D-2B97-4AA1-B2FD-DFAF0D339FE5}"
EndProject
Project("{9A19103F-16F7-4668-BE54-9A1E7A4F7556}") = "ConstructorBefore", "ConstructorBefore\ConstructorBefore.csproj", "{D3EF4EDF-9BBF-4F01-9585-37B4E58B95C9}"
EndProject
Project("{9A19103F-16F7-4668-BE54-9A1E7A4F7556}") = "ConstructorAfter", "ConstructorAfter\ConstructorAfter.csproj", "{E318207F-2C7C-40E8-8A31-E4978233BA6C}"
EndProject
Project("{9A19103F-16F7-4668-BE54-9A1E7A4F7556}") = "EncapsulationBefore", "EncapsulationBefore\EncapsulationBefore.csproj", "{D1CE620A-CA70-45E1-84E0-F18B5CF14BD2}"
EndProject
Project("{9A19103F-16F7-4668-BE54-9A1E7A4F7556}") = "EncapsulationAfter", "EncapsulationAfter\EncapsulationAfter.csproj", "{E1138202-CD3C-464B-BB1C-DEC0F3A613ED}"
EndProject
Project("{9A19103F-16F7-4668-BE54-9A1E7A4F7556}") = "WrapStaticBefore", "WrapStaticBefore\WrapStaticBefore.csproj", "{A9503E5C-E4E0-4E72-BC8F-CD4E8C9624C8}"
EndProject
Project("{9A19103F-16F7-4668-BE54-9A1E7A4F7556}") = "WrapStaticAfter", "WrapStaticAfter\WrapStaticAfter.csproj", "{799EEB17-9342-431F-9B5C-BCD901DAF018}"
EndProject
Project("{9A19103F-16F7-4668-BE54-9A1E7A4F7556}") = "SingleResponsibilityBefore", "SingleResponsibilityBefore\SingleResponsibilityBefore.csproj", "{6C03F7B3-B93D-4281-ACB8-887574EBD4FE}"
EndProject
Project("{9A19103F-16F7-4668-BE54-9A1E7A4F7556}") = "SingleResponsibilityAfter", "SingleResponsibilityAfter\SingleResponsibilityAfter.csproj", "{8D2F6D0C-B7A5-412C-AE4C-2940CFF8CE6D}"
EndProject
Project("{2150E333-8FDC-42A3-9474-1A3956D46DE8}") = "Solution Items", "Solution Items", "{DC3113AF-9177-4491-BB30-65552F351103}"
	ProjectSection(SolutionItems) = preProject
		.gitignore = .gitignore
		README.md = README.md
	EndProjectSection
EndProject
Project("{9A19103F-16F7-4668-BE54-9A1E7A4F7556}") = "OpenClosedBefore", "OpenClosedBefore\OpenClosedBefore.csproj", "{34474761-1FE9-456D-8453-491E5CC008DF}"
EndProject
Project("{9A19103F-16F7-4668-BE54-9A1E7A4F7556}") = "OpenClosedAfter", "OpenClosedAfter\OpenClosedAfter.csproj", "{BCEC2047-62A5-4A52-A2F7-0572386624DA}"
EndProject
Project("{9A19103F-16F7-4668-BE54-9A1E7A4F7556}") = "LiskovsSubstitution", "LiskovsSubstitution\LiskovsSubstitution.csproj", "{8273C28F-F517-4659-A470-6063F69DCF82}"
EndProject
Project("{FAE04EC0-301F-11D3-BF4B-00C04F79EFBC}") = "InterfaceSegregationBefore", "InterfaceSegregationBefore\InterfaceSegregationBefore.csproj", "{0ABA7F5A-A13C-4F7C-8CCF-DC723D0F22D8}"
EndProject
Project("{FAE04EC0-301F-11D3-BF4B-00C04F79EFBC}") = "InterfaceSegregationAfter", "InterfaceSegregationAfter\InterfaceSegregationAfter.csproj", "{6101EE4B-0200-41E1-8E71-3B5B37AAD415}"
EndProject
Global
	GlobalSection(SolutionConfigurationPlatforms) = preSolution
		Debug|Any CPU = Debug|Any CPU
		Debug|x64 = Debug|x64
		Debug|x86 = Debug|x86
		Release|Any CPU = Release|Any CPU
		Release|x64 = Release|x64
		Release|x86 = Release|x86
	EndGlobalSection
	GlobalSection(ProjectConfigurationPlatforms) = postSolution
		{0147A1DD-7451-4F17-A377-941C2CB22718}.Debug|Any CPU.ActiveCfg = Debug|Any CPU
		{0147A1DD-7451-4F17-A377-941C2CB22718}.Debug|Any CPU.Build.0 = Debug|Any CPU
		{0147A1DD-7451-4F17-A377-941C2CB22718}.Debug|x64.ActiveCfg = Debug|Any CPU
		{0147A1DD-7451-4F17-A377-941C2CB22718}.Debug|x64.Build.0 = Debug|Any CPU
		{0147A1DD-7451-4F17-A377-941C2CB22718}.Debug|x86.ActiveCfg = Debug|Any CPU
		{0147A1DD-7451-4F17-A377-941C2CB22718}.Debug|x86.Build.0 = Debug|Any CPU
		{0147A1DD-7451-4F17-A377-941C2CB22718}.Release|Any CPU.ActiveCfg = Release|Any CPU
		{0147A1DD-7451-4F17-A377-941C2CB22718}.Release|Any CPU.Build.0 = Release|Any CPU
		{0147A1DD-7451-4F17-A377-941C2CB22718}.Release|x64.ActiveCfg = Release|Any CPU
		{0147A1DD-7451-4F17-A377-941C2CB22718}.Release|x64.Build.0 = Release|Any CPU
		{0147A1DD-7451-4F17-A377-941C2CB22718}.Release|x86.ActiveCfg = Release|Any CPU
		{0147A1DD-7451-4F17-A377-941C2CB22718}.Release|x86.Build.0 = Release|Any CPU
		{E5DF6807-6AA0-45F4-8923-3B0FDC0900E3}.Debug|Any CPU.ActiveCfg = Debug|Any CPU
		{E5DF6807-6AA0-45F4-8923-3B0FDC0900E3}.Debug|Any CPU.Build.0 = Debug|Any CPU
		{E5DF6807-6AA0-45F4-8923-3B0FDC0900E3}.Debug|x64.ActiveCfg = Debug|Any CPU
		{E5DF6807-6AA0-45F4-8923-3B0FDC0900E3}.Debug|x64.Build.0 = Debug|Any CPU
		{E5DF6807-6AA0-45F4-8923-3B0FDC0900E3}.Debug|x86.ActiveCfg = Debug|Any CPU
		{E5DF6807-6AA0-45F4-8923-3B0FDC0900E3}.Debug|x86.Build.0 = Debug|Any CPU
		{E5DF6807-6AA0-45F4-8923-3B0FDC0900E3}.Release|Any CPU.ActiveCfg = Release|Any CPU
		{E5DF6807-6AA0-45F4-8923-3B0FDC0900E3}.Release|Any CPU.Build.0 = Release|Any CPU
		{E5DF6807-6AA0-45F4-8923-3B0FDC0900E3}.Release|x64.ActiveCfg = Release|Any CPU
		{E5DF6807-6AA0-45F4-8923-3B0FDC0900E3}.Release|x64.Build.0 = Release|Any CPU
		{E5DF6807-6AA0-45F4-8923-3B0FDC0900E3}.Release|x86.ActiveCfg = Release|Any CPU
		{E5DF6807-6AA0-45F4-8923-3B0FDC0900E3}.Release|x86.Build.0 = Release|Any CPU
		{DE58FF37-C547-47AC-9D5C-5A3B910CB108}.Debug|Any CPU.ActiveCfg = Debug|Any CPU
		{DE58FF37-C547-47AC-9D5C-5A3B910CB108}.Debug|Any CPU.Build.0 = Debug|Any CPU
		{DE58FF37-C547-47AC-9D5C-5A3B910CB108}.Debug|x64.ActiveCfg = Debug|Any CPU
		{DE58FF37-C547-47AC-9D5C-5A3B910CB108}.Debug|x64.Build.0 = Debug|Any CPU
		{DE58FF37-C547-47AC-9D5C-5A3B910CB108}.Debug|x86.ActiveCfg = Debug|Any CPU
		{DE58FF37-C547-47AC-9D5C-5A3B910CB108}.Debug|x86.Build.0 = Debug|Any CPU
		{DE58FF37-C547-47AC-9D5C-5A3B910CB108}.Release|Any CPU.ActiveCfg = Release|Any CPU
		{DE58FF37-C547-47AC-9D5C-5A3B910CB108}.Release|Any CPU.Build.0 = Release|Any CPU
		{DE58FF37-C547-47AC-9D5C-5A3B910CB108}.Release|x64.ActiveCfg = Release|Any CPU
		{DE58FF37-C547-47AC-9D5C-5A3B910CB108}.Release|x64.Build.0 = Release|Any CPU
		{DE58FF37-C547-47AC-9D5C-5A3B910CB108}.Release|x86.ActiveCfg = Release|Any CPU
		{DE58FF37-C547-47AC-9D5C-5A3B910CB108}.Release|x86.Build.0 = Release|Any CPU
		{001A081D-2B97-4AA1-B2FD-DFAF0D339FE5}.Debug|Any CPU.ActiveCfg = Debug|Any CPU
		{001A081D-2B97-4AA1-B2FD-DFAF0D339FE5}.Debug|Any CPU.Build.0 = Debug|Any CPU
		{001A081D-2B97-4AA1-B2FD-DFAF0D339FE5}.Debug|x64.ActiveCfg = Debug|Any CPU
		{001A081D-2B97-4AA1-B2FD-DFAF0D339FE5}.Debug|x64.Build.0 = Debug|Any CPU
		{001A081D-2B97-4AA1-B2FD-DFAF0D339FE5}.Debug|x86.ActiveCfg = Debug|Any CPU
		{001A081D-2B97-4AA1-B2FD-DFAF0D339FE5}.Debug|x86.Build.0 = Debug|Any CPU
		{001A081D-2B97-4AA1-B2FD-DFAF0D339FE5}.Release|Any CPU.ActiveCfg = Release|Any CPU
		{001A081D-2B97-4AA1-B2FD-DFAF0D339FE5}.Release|Any CPU.Build.0 = Release|Any CPU
		{001A081D-2B97-4AA1-B2FD-DFAF0D339FE5}.Release|x64.ActiveCfg = Release|Any CPU
		{001A081D-2B97-4AA1-B2FD-DFAF0D339FE5}.Release|x64.Build.0 = Release|Any CPU
		{001A081D-2B97-4AA1-B2FD-DFAF0D339FE5}.Release|x86.ActiveCfg = Release|Any CPU
		{001A081D-2B97-4AA1-B2FD-DFAF0D339FE5}.Release|x86.Build.0 = Release|Any CPU
		{D3EF4EDF-9BBF-4F01-9585-37B4E58B95C9}.Debug|Any CPU.ActiveCfg = Debug|Any CPU
		{D3EF4EDF-9BBF-4F01-9585-37B4E58B95C9}.Debug|Any CPU.Build.0 = Debug|Any CPU
		{D3EF4EDF-9BBF-4F01-9585-37B4E58B95C9}.Debug|x64.ActiveCfg = Debug|Any CPU
		{D3EF4EDF-9BBF-4F01-9585-37B4E58B95C9}.Debug|x64.Build.0 = Debug|Any CPU
		{D3EF4EDF-9BBF-4F01-9585-37B4E58B95C9}.Debug|x86.ActiveCfg = Debug|Any CPU
		{D3EF4EDF-9BBF-4F01-9585-37B4E58B95C9}.Debug|x86.Build.0 = Debug|Any CPU
		{D3EF4EDF-9BBF-4F01-9585-37B4E58B95C9}.Release|Any CPU.ActiveCfg = Release|Any CPU
		{D3EF4EDF-9BBF-4F01-9585-37B4E58B95C9}.Release|Any CPU.Build.0 = Release|Any CPU
		{D3EF4EDF-9BBF-4F01-9585-37B4E58B95C9}.Release|x64.ActiveCfg = Release|Any CPU
		{D3EF4EDF-9BBF-4F01-9585-37B4E58B95C9}.Release|x64.Build.0 = Release|Any CPU
		{D3EF4EDF-9BBF-4F01-9585-37B4E58B95C9}.Release|x86.ActiveCfg = Release|Any CPU
		{D3EF4EDF-9BBF-4F01-9585-37B4E58B95C9}.Release|x86.Build.0 = Release|Any CPU
		{E318207F-2C7C-40E8-8A31-E4978233BA6C}.Debug|Any CPU.ActiveCfg = Debug|Any CPU
		{E318207F-2C7C-40E8-8A31-E4978233BA6C}.Debug|Any CPU.Build.0 = Debug|Any CPU
		{E318207F-2C7C-40E8-8A31-E4978233BA6C}.Debug|x64.ActiveCfg = Debug|Any CPU
		{E318207F-2C7C-40E8-8A31-E4978233BA6C}.Debug|x64.Build.0 = Debug|Any CPU
		{E318207F-2C7C-40E8-8A31-E4978233BA6C}.Debug|x86.ActiveCfg = Debug|Any CPU
		{E318207F-2C7C-40E8-8A31-E4978233BA6C}.Debug|x86.Build.0 = Debug|Any CPU
		{E318207F-2C7C-40E8-8A31-E4978233BA6C}.Release|Any CPU.ActiveCfg = Release|Any CPU
		{E318207F-2C7C-40E8-8A31-E4978233BA6C}.Release|Any CPU.Build.0 = Release|Any CPU
		{E318207F-2C7C-40E8-8A31-E4978233BA6C}.Release|x64.ActiveCfg = Release|Any CPU
		{E318207F-2C7C-40E8-8A31-E4978233BA6C}.Release|x64.Build.0 = Release|Any CPU
		{E318207F-2C7C-40E8-8A31-E4978233BA6C}.Release|x86.ActiveCfg = Release|Any CPU
		{E318207F-2C7C-40E8-8A31-E4978233BA6C}.Release|x86.Build.0 = Release|Any CPU
		{D1CE620A-CA70-45E1-84E0-F18B5CF14BD2}.Debug|Any CPU.ActiveCfg = Debug|Any CPU
		{D1CE620A-CA70-45E1-84E0-F18B5CF14BD2}.Debug|Any CPU.Build.0 = Debug|Any CPU
		{D1CE620A-CA70-45E1-84E0-F18B5CF14BD2}.Debug|x64.ActiveCfg = Debug|Any CPU
		{D1CE620A-CA70-45E1-84E0-F18B5CF14BD2}.Debug|x64.Build.0 = Debug|Any CPU
		{D1CE620A-CA70-45E1-84E0-F18B5CF14BD2}.Debug|x86.ActiveCfg = Debug|Any CPU
		{D1CE620A-CA70-45E1-84E0-F18B5CF14BD2}.Debug|x86.Build.0 = Debug|Any CPU
		{D1CE620A-CA70-45E1-84E0-F18B5CF14BD2}.Release|Any CPU.ActiveCfg = Release|Any CPU
		{D1CE620A-CA70-45E1-84E0-F18B5CF14BD2}.Release|Any CPU.Build.0 = Release|Any CPU
		{D1CE620A-CA70-45E1-84E0-F18B5CF14BD2}.Release|x64.ActiveCfg = Release|Any CPU
		{D1CE620A-CA70-45E1-84E0-F18B5CF14BD2}.Release|x64.Build.0 = Release|Any CPU
		{D1CE620A-CA70-45E1-84E0-F18B5CF14BD2}.Release|x86.ActiveCfg = Release|Any CPU
		{D1CE620A-CA70-45E1-84E0-F18B5CF14BD2}.Release|x86.Build.0 = Release|Any CPU
		{E1138202-CD3C-464B-BB1C-DEC0F3A613ED}.Debug|Any CPU.ActiveCfg = Debug|Any CPU
		{E1138202-CD3C-464B-BB1C-DEC0F3A613ED}.Debug|Any CPU.Build.0 = Debug|Any CPU
		{E1138202-CD3C-464B-BB1C-DEC0F3A613ED}.Debug|x64.ActiveCfg = Debug|Any CPU
		{E1138202-CD3C-464B-BB1C-DEC0F3A613ED}.Debug|x64.Build.0 = Debug|Any CPU
		{E1138202-CD3C-464B-BB1C-DEC0F3A613ED}.Debug|x86.ActiveCfg = Debug|Any CPU
		{E1138202-CD3C-464B-BB1C-DEC0F3A613ED}.Debug|x86.Build.0 = Debug|Any CPU
		{E1138202-CD3C-464B-BB1C-DEC0F3A613ED}.Release|Any CPU.ActiveCfg = Release|Any CPU
		{E1138202-CD3C-464B-BB1C-DEC0F3A613ED}.Release|Any CPU.Build.0 = Release|Any CPU
		{E1138202-CD3C-464B-BB1C-DEC0F3A613ED}.Release|x64.ActiveCfg = Release|Any CPU
		{E1138202-CD3C-464B-BB1C-DEC0F3A613ED}.Release|x64.Build.0 = Release|Any CPU
		{E1138202-CD3C-464B-BB1C-DEC0F3A613ED}.Release|x86.ActiveCfg = Release|Any CPU
		{E1138202-CD3C-464B-BB1C-DEC0F3A613ED}.Release|x86.Build.0 = Release|Any CPU
		{A9503E5C-E4E0-4E72-BC8F-CD4E8C9624C8}.Debug|Any CPU.ActiveCfg = Debug|Any CPU
		{A9503E5C-E4E0-4E72-BC8F-CD4E8C9624C8}.Debug|Any CPU.Build.0 = Debug|Any CPU
		{A9503E5C-E4E0-4E72-BC8F-CD4E8C9624C8}.Debug|x64.ActiveCfg = Debug|Any CPU
		{A9503E5C-E4E0-4E72-BC8F-CD4E8C9624C8}.Debug|x64.Build.0 = Debug|Any CPU
		{A9503E5C-E4E0-4E72-BC8F-CD4E8C9624C8}.Debug|x86.ActiveCfg = Debug|Any CPU
		{A9503E5C-E4E0-4E72-BC8F-CD4E8C9624C8}.Debug|x86.Build.0 = Debug|Any CPU
		{A9503E5C-E4E0-4E72-BC8F-CD4E8C9624C8}.Release|Any CPU.ActiveCfg = Release|Any CPU
		{A9503E5C-E4E0-4E72-BC8F-CD4E8C9624C8}.Release|Any CPU.Build.0 = Release|Any CPU
		{A9503E5C-E4E0-4E72-BC8F-CD4E8C9624C8}.Release|x64.ActiveCfg = Release|Any CPU
		{A9503E5C-E4E0-4E72-BC8F-CD4E8C9624C8}.Release|x64.Build.0 = Release|Any CPU
		{A9503E5C-E4E0-4E72-BC8F-CD4E8C9624C8}.Release|x86.ActiveCfg = Release|Any CPU
		{A9503E5C-E4E0-4E72-BC8F-CD4E8C9624C8}.Release|x86.Build.0 = Release|Any CPU
		{799EEB17-9342-431F-9B5C-BCD901DAF018}.Debug|Any CPU.ActiveCfg = Debug|Any CPU
		{799EEB17-9342-431F-9B5C-BCD901DAF018}.Debug|Any CPU.Build.0 = Debug|Any CPU
		{799EEB17-9342-431F-9B5C-BCD901DAF018}.Debug|x64.ActiveCfg = Debug|Any CPU
		{799EEB17-9342-431F-9B5C-BCD901DAF018}.Debug|x64.Build.0 = Debug|Any CPU
		{799EEB17-9342-431F-9B5C-BCD901DAF018}.Debug|x86.ActiveCfg = Debug|Any CPU
		{799EEB17-9342-431F-9B5C-BCD901DAF018}.Debug|x86.Build.0 = Debug|Any CPU
		{799EEB17-9342-431F-9B5C-BCD901DAF018}.Release|Any CPU.ActiveCfg = Release|Any CPU
		{799EEB17-9342-431F-9B5C-BCD901DAF018}.Release|Any CPU.Build.0 = Release|Any CPU
		{799EEB17-9342-431F-9B5C-BCD901DAF018}.Release|x64.ActiveCfg = Release|Any CPU
		{799EEB17-9342-431F-9B5C-BCD901DAF018}.Release|x64.Build.0 = Release|Any CPU
		{799EEB17-9342-431F-9B5C-BCD901DAF018}.Release|x86.ActiveCfg = Release|Any CPU
		{799EEB17-9342-431F-9B5C-BCD901DAF018}.Release|x86.Build.0 = Release|Any CPU
		{6C03F7B3-B93D-4281-ACB8-887574EBD4FE}.Debug|Any CPU.ActiveCfg = Debug|Any CPU
		{6C03F7B3-B93D-4281-ACB8-887574EBD4FE}.Debug|Any CPU.Build.0 = Debug|Any CPU
		{6C03F7B3-B93D-4281-ACB8-887574EBD4FE}.Debug|x64.ActiveCfg = Debug|Any CPU
		{6C03F7B3-B93D-4281-ACB8-887574EBD4FE}.Debug|x64.Build.0 = Debug|Any CPU
		{6C03F7B3-B93D-4281-ACB8-887574EBD4FE}.Debug|x86.ActiveCfg = Debug|Any CPU
		{6C03F7B3-B93D-4281-ACB8-887574EBD4FE}.Debug|x86.Build.0 = Debug|Any CPU
		{6C03F7B3-B93D-4281-ACB8-887574EBD4FE}.Release|Any CPU.ActiveCfg = Release|Any CPU
		{6C03F7B3-B93D-4281-ACB8-887574EBD4FE}.Release|Any CPU.Build.0 = Release|Any CPU
		{6C03F7B3-B93D-4281-ACB8-887574EBD4FE}.Release|x64.ActiveCfg = Release|Any CPU
		{6C03F7B3-B93D-4281-ACB8-887574EBD4FE}.Release|x64.Build.0 = Release|Any CPU
		{6C03F7B3-B93D-4281-ACB8-887574EBD4FE}.Release|x86.ActiveCfg = Release|Any CPU
		{6C03F7B3-B93D-4281-ACB8-887574EBD4FE}.Release|x86.Build.0 = Release|Any CPU
		{8D2F6D0C-B7A5-412C-AE4C-2940CFF8CE6D}.Debug|Any CPU.ActiveCfg = Debug|Any CPU
		{8D2F6D0C-B7A5-412C-AE4C-2940CFF8CE6D}.Debug|Any CPU.Build.0 = Debug|Any CPU
		{8D2F6D0C-B7A5-412C-AE4C-2940CFF8CE6D}.Debug|x64.ActiveCfg = Debug|Any CPU
		{8D2F6D0C-B7A5-412C-AE4C-2940CFF8CE6D}.Debug|x64.Build.0 = Debug|Any CPU
		{8D2F6D0C-B7A5-412C-AE4C-2940CFF8CE6D}.Debug|x86.ActiveCfg = Debug|Any CPU
		{8D2F6D0C-B7A5-412C-AE4C-2940CFF8CE6D}.Debug|x86.Build.0 = Debug|Any CPU
		{8D2F6D0C-B7A5-412C-AE4C-2940CFF8CE6D}.Release|Any CPU.ActiveCfg = Release|Any CPU
		{8D2F6D0C-B7A5-412C-AE4C-2940CFF8CE6D}.Release|Any CPU.Build.0 = Release|Any CPU
		{8D2F6D0C-B7A5-412C-AE4C-2940CFF8CE6D}.Release|x64.ActiveCfg = Release|Any CPU
		{8D2F6D0C-B7A5-412C-AE4C-2940CFF8CE6D}.Release|x64.Build.0 = Release|Any CPU
		{8D2F6D0C-B7A5-412C-AE4C-2940CFF8CE6D}.Release|x86.ActiveCfg = Release|Any CPU
		{8D2F6D0C-B7A5-412C-AE4C-2940CFF8CE6D}.Release|x86.Build.0 = Release|Any CPU
		{34474761-1FE9-456D-8453-491E5CC008DF}.Debug|Any CPU.ActiveCfg = Debug|Any CPU
		{34474761-1FE9-456D-8453-491E5CC008DF}.Debug|Any CPU.Build.0 = Debug|Any CPU
		{34474761-1FE9-456D-8453-491E5CC008DF}.Debug|x64.ActiveCfg = Debug|Any CPU
		{34474761-1FE9-456D-8453-491E5CC008DF}.Debug|x64.Build.0 = Debug|Any CPU
		{34474761-1FE9-456D-8453-491E5CC008DF}.Debug|x86.ActiveCfg = Debug|Any CPU
		{34474761-1FE9-456D-8453-491E5CC008DF}.Debug|x86.Build.0 = Debug|Any CPU
		{34474761-1FE9-456D-8453-491E5CC008DF}.Release|Any CPU.ActiveCfg = Release|Any CPU
		{34474761-1FE9-456D-8453-491E5CC008DF}.Release|Any CPU.Build.0 = Release|Any CPU
		{34474761-1FE9-456D-8453-491E5CC008DF}.Release|x64.ActiveCfg = Release|Any CPU
		{34474761-1FE9-456D-8453-491E5CC008DF}.Release|x64.Build.0 = Release|Any CPU
		{34474761-1FE9-456D-8453-491E5CC008DF}.Release|x86.ActiveCfg = Release|Any CPU
		{34474761-1FE9-456D-8453-491E5CC008DF}.Release|x86.Build.0 = Release|Any CPU
		{BCEC2047-62A5-4A52-A2F7-0572386624DA}.Debug|Any CPU.ActiveCfg = Debug|Any CPU
		{BCEC2047-62A5-4A52-A2F7-0572386624DA}.Debug|Any CPU.Build.0 = Debug|Any CPU
		{BCEC2047-62A5-4A52-A2F7-0572386624DA}.Debug|x64.ActiveCfg = Debug|Any CPU
		{BCEC2047-62A5-4A52-A2F7-0572386624DA}.Debug|x64.Build.0 = Debug|Any CPU
		{BCEC2047-62A5-4A52-A2F7-0572386624DA}.Debug|x86.ActiveCfg = Debug|Any CPU
		{BCEC2047-62A5-4A52-A2F7-0572386624DA}.Debug|x86.Build.0 = Debug|Any CPU
		{BCEC2047-62A5-4A52-A2F7-0572386624DA}.Release|Any CPU.ActiveCfg = Release|Any CPU
		{BCEC2047-62A5-4A52-A2F7-0572386624DA}.Release|Any CPU.Build.0 = Release|Any CPU
		{BCEC2047-62A5-4A52-A2F7-0572386624DA}.Release|x64.ActiveCfg = Release|Any CPU
		{BCEC2047-62A5-4A52-A2F7-0572386624DA}.Release|x64.Build.0 = Release|Any CPU
		{BCEC2047-62A5-4A52-A2F7-0572386624DA}.Release|x86.ActiveCfg = Release|Any CPU
		{BCEC2047-62A5-4A52-A2F7-0572386624DA}.Release|x86.Build.0 = Release|Any CPU
		{8273C28F-F517-4659-A470-6063F69DCF82}.Debug|Any CPU.ActiveCfg = Debug|Any CPU
		{8273C28F-F517-4659-A470-6063F69DCF82}.Debug|Any CPU.Build.0 = Debug|Any CPU
		{8273C28F-F517-4659-A470-6063F69DCF82}.Debug|x64.ActiveCfg = Debug|Any CPU
		{8273C28F-F517-4659-A470-6063F69DCF82}.Debug|x64.Build.0 = Debug|Any CPU
		{8273C28F-F517-4659-A470-6063F69DCF82}.Debug|x86.ActiveCfg = Debug|Any CPU
		{8273C28F-F517-4659-A470-6063F69DCF82}.Debug|x86.Build.0 = Debug|Any CPU
		{8273C28F-F517-4659-A470-6063F69DCF82}.Release|Any CPU.ActiveCfg = Release|Any CPU
		{8273C28F-F517-4659-A470-6063F69DCF82}.Release|Any CPU.Build.0 = Release|Any CPU
		{8273C28F-F517-4659-A470-6063F69DCF82}.Release|x64.ActiveCfg = Release|Any CPU
		{8273C28F-F517-4659-A470-6063F69DCF82}.Release|x64.Build.0 = Release|Any CPU
		{8273C28F-F517-4659-A470-6063F69DCF82}.Release|x86.ActiveCfg = Release|Any CPU
		{8273C28F-F517-4659-A470-6063F69DCF82}.Release|x86.Build.0 = Release|Any CPU
		{0ABA7F5A-A13C-4F7C-8CCF-DC723D0F22D8}.Debug|Any CPU.ActiveCfg = Debug|Any CPU
		{0ABA7F5A-A13C-4F7C-8CCF-DC723D0F22D8}.Debug|Any CPU.Build.0 = Debug|Any CPU
		{0ABA7F5A-A13C-4F7C-8CCF-DC723D0F22D8}.Debug|x64.ActiveCfg = Debug|Any CPU
		{0ABA7F5A-A13C-4F7C-8CCF-DC723D0F22D8}.Debug|x64.Build.0 = Debug|Any CPU
		{0ABA7F5A-A13C-4F7C-8CCF-DC723D0F22D8}.Debug|x86.ActiveCfg = Debug|Any CPU
		{0ABA7F5A-A13C-4F7C-8CCF-DC723D0F22D8}.Debug|x86.Build.0 = Debug|Any CPU
		{0ABA7F5A-A13C-4F7C-8CCF-DC723D0F22D8}.Release|Any CPU.ActiveCfg = Release|Any CPU
		{0ABA7F5A-A13C-4F7C-8CCF-DC723D0F22D8}.Release|Any CPU.Build.0 = Release|Any CPU
		{0ABA7F5A-A13C-4F7C-8CCF-DC723D0F22D8}.Release|x64.ActiveCfg = Release|Any CPU
		{0ABA7F5A-A13C-4F7C-8CCF-DC723D0F22D8}.Release|x64.Build.0 = Release|Any CPU
		{0ABA7F5A-A13C-4F7C-8CCF-DC723D0F22D8}.Release|x86.ActiveCfg = Release|Any CPU
		{0ABA7F5A-A13C-4F7C-8CCF-DC723D0F22D8}.Release|x86.Build.0 = Release|Any CPU
		{6101EE4B-0200-41E1-8E71-3B5B37AAD415}.Debug|Any CPU.ActiveCfg = Debug|Any CPU
		{6101EE4B-0200-41E1-8E71-3B5B37AAD415}.Debug|Any CPU.Build.0 = Debug|Any CPU
		{6101EE4B-0200-41E1-8E71-3B5B37AAD415}.Debug|x64.ActiveCfg = Debug|Any CPU
		{6101EE4B-0200-41E1-8E71-3B5B37AAD415}.Debug|x64.Build.0 = Debug|Any CPU
		{6101EE4B-0200-41E1-8E71-3B5B37AAD415}.Debug|x86.ActiveCfg = Debug|Any CPU
		{6101EE4B-0200-41E1-8E71-3B5B37AAD415}.Debug|x86.Build.0 = Debug|Any CPU
		{6101EE4B-0200-41E1-8E71-3B5B37AAD415}.Release|Any CPU.ActiveCfg = Release|Any CPU
		{6101EE4B-0200-41E1-8E71-3B5B37AAD415}.Release|Any CPU.Build.0 = Release|Any CPU
		{6101EE4B-0200-41E1-8E71-3B5B37AAD415}.Release|x64.ActiveCfg = Release|Any CPU
		{6101EE4B-0200-41E1-8E71-3B5B37AAD415}.Release|x64.Build.0 = Release|Any CPU
		{6101EE4B-0200-41E1-8E71-3B5B37AAD415}.Release|x86.ActiveCfg = Release|Any CPU
		{6101EE4B-0200-41E1-8E71-3B5B37AAD415}.Release|x86.Build.0 = Release|Any CPU
	EndGlobalSection
	GlobalSection(SolutionProperties) = preSolution
		HideSolutionNode = FALSE
	EndGlobalSection
	GlobalSection(ExtensibilityGlobals) = postSolution
		SolutionGuid = {0ECB87CB-EF63-4E46-91A8-734F7E9EE6C9}
	EndGlobalSection
EndGlobal
